// !$*UTF8*$!
{
	archiveVersion = 1;
	classes = {
	};
	objectVersion = 46;
	objects = {

/* Begin PBXBuildFile section */
		04859CA81C74160A000C82E0 /* AppDelegate.m in Sources */ = {isa = PBXBuildFile; fileRef = 04859CA61C74160A000C82E0 /* AppDelegate.m */; };
		04859CA91C74160A000C82E0 /* main.m in Sources */ = {isa = PBXBuildFile; fileRef = 04859CA71C74160A000C82E0 /* main.m */; };
		04859CAD1C74523E000C82E0 /* WBHomeViewController.m in Sources */ = {isa = PBXBuildFile; fileRef = 04859CAC1C74523E000C82E0 /* WBHomeViewController.m */; };
		04859CB01C74530E000C82E0 /* WBMessageCenterViewController.m in Sources */ = {isa = PBXBuildFile; fileRef = 04859CAF1C74530E000C82E0 /* WBMessageCenterViewController.m */; };
		04859CB31C74532D000C82E0 /* WBDiscoverViewController.m in Sources */ = {isa = PBXBuildFile; fileRef = 04859CB21C74532D000C82E0 /* WBDiscoverViewController.m */; };
		04859CB61C745349000C82E0 /* WBProfileViewController.m in Sources */ = {isa = PBXBuildFile; fileRef = 04859CB51C745349000C82E0 /* WBProfileViewController.m */; };
		04F434211C7340D700439546 /* Assets.xcassets in Resources */ = {isa = PBXBuildFile; fileRef = 04F434201C7340D700439546 /* Assets.xcassets */; };
		04F4342F1C7340D700439546 /* ____Tests.m in Sources */ = {isa = PBXBuildFile; fileRef = 04F4342E1C7340D700439546 /* ____Tests.m */; };
		04F4343A1C7340D700439546 /* ____UITests.m in Sources */ = {isa = PBXBuildFile; fileRef = 04F434391C7340D700439546 /* ____UITests.m */; };
/* End PBXBuildFile section */

/* Begin PBXContainerItemProxy section */
		04F4342B1C7340D700439546 /* PBXContainerItemProxy */ = {
			isa = PBXContainerItemProxy;
			containerPortal = 04F434091C7340D700439546 /* Project object */;
			proxyType = 1;
			remoteGlobalIDString = 04F434101C7340D700439546;
			remoteInfo = "新浪微博";
		};
		04F434361C7340D700439546 /* PBXContainerItemProxy */ = {
			isa = PBXContainerItemProxy;
			containerPortal = 04F434091C7340D700439546 /* Project object */;
			proxyType = 1;
			remoteGlobalIDString = 04F434101C7340D700439546;
			remoteInfo = "新浪微博";
		};
/* End PBXContainerItemProxy section */

/* Begin PBXFileReference section */
		04859CA51C74160A000C82E0 /* AppDelegate.h */ = {isa = PBXFileReference; fileEncoding = 4; lastKnownFileType = sourcecode.c.h; path = AppDelegate.h; sourceTree = "<group>"; };
		04859CA61C74160A000C82E0 /* AppDelegate.m */ = {isa = PBXFileReference; fileEncoding = 4; lastKnownFileType = sourcecode.c.objc; path = AppDelegate.m; sourceTree = "<group>"; };
		04859CA71C74160A000C82E0 /* main.m */ = {isa = PBXFileReference; fileEncoding = 4; lastKnownFileType = sourcecode.c.objc; path = main.m; sourceTree = "<group>"; };
		04859CAA1C743D89000C82E0 /* PrefixHeader.pch */ = {isa = PBXFileReference; lastKnownFileType = sourcecode.c.h; path = PrefixHeader.pch; sourceTree = "<group>"; };
		04859CAB1C74523E000C82E0 /* WBHomeViewController.h */ = {isa = PBXFileReference; fileEncoding = 4; lastKnownFileType = sourcecode.c.h; path = WBHomeViewController.h; sourceTree = "<group>"; };
		04859CAC1C74523E000C82E0 /* WBHomeViewController.m */ = {isa = PBXFileReference; fileEncoding = 4; lastKnownFileType = sourcecode.c.objc; path = WBHomeViewController.m; sourceTree = "<group>"; };
		04859CAE1C74530E000C82E0 /* WBMessageCenterViewController.h */ = {isa = PBXFileReference; fileEncoding = 4; lastKnownFileType = sourcecode.c.h; path = WBMessageCenterViewController.h; sourceTree = "<group>"; };
		04859CAF1C74530E000C82E0 /* WBMessageCenterViewController.m */ = {isa = PBXFileReference; fileEncoding = 4; lastKnownFileType = sourcecode.c.objc; path = WBMessageCenterViewController.m; sourceTree = "<group>"; };
		04859CB11C74532D000C82E0 /* WBDiscoverViewController.h */ = {isa = PBXFileReference; fileEncoding = 4; lastKnownFileType = sourcecode.c.h; path = WBDiscoverViewController.h; sourceTree = "<group>"; };
		04859CB21C74532D000C82E0 /* WBDiscoverViewController.m */ = {isa = PBXFileReference; fileEncoding = 4; lastKnownFileType = sourcecode.c.objc; path = WBDiscoverViewController.m; sourceTree = "<group>"; };
		04859CB41C745349000C82E0 /* WBProfileViewController.h */ = {isa = PBXFileReference; fileEncoding = 4; lastKnownFileType = sourcecode.c.h; path = WBProfileViewController.h; sourceTree = "<group>"; };
		04859CB51C745349000C82E0 /* WBProfileViewController.m */ = {isa = PBXFileReference; fileEncoding = 4; lastKnownFileType = sourcecode.c.objc; path = WBProfileViewController.m; sourceTree = "<group>"; };
		04F434111C7340D700439546 /* 新浪微博.app */ = {isa = PBXFileReference; explicitFileType = wrapper.application; includeInIndex = 0; path = "新浪微博.app"; sourceTree = BUILT_PRODUCTS_DIR; };
		04F434201C7340D700439546 /* Assets.xcassets */ = {isa = PBXFileReference; lastKnownFileType = folder.assetcatalog; path = Assets.xcassets; sourceTree = "<group>"; };
		04F434251C7340D700439546 /* Info.plist */ = {isa = PBXFileReference; lastKnownFileType = text.plist.xml; path = Info.plist; sourceTree = "<group>"; };
		04F4342A1C7340D700439546 /* 新浪微博Tests.xctest */ = {isa = PBXFileReference; explicitFileType = wrapper.cfbundle; includeInIndex = 0; path = "新浪微博Tests.xctest"; sourceTree = BUILT_PRODUCTS_DIR; };
		04F4342E1C7340D700439546 /* ____Tests.m */ = {isa = PBXFileReference; lastKnownFileType = sourcecode.c.objc; path = "____Tests.m"; sourceTree = "<group>"; };
		04F434301C7340D700439546 /* Info.plist */ = {isa = PBXFileReference; lastKnownFileType = text.plist.xml; path = Info.plist; sourceTree = "<group>"; };
		04F434351C7340D700439546 /* 新浪微博UITests.xctest */ = {isa = PBXFileReference; explicitFileType = wrapper.cfbundle; includeInIndex = 0; path = "新浪微博UITests.xctest"; sourceTree = BUILT_PRODUCTS_DIR; };
		04F434391C7340D700439546 /* ____UITests.m */ = {isa = PBXFileReference; lastKnownFileType = sourcecode.c.objc; path = "____UITests.m"; sourceTree = "<group>"; };
		04F4343B1C7340D700439546 /* Info.plist */ = {isa = PBXFileReference; lastKnownFileType = text.plist.xml; path = Info.plist; sourceTree = "<group>"; };
/* End PBXFileReference section */

/* Begin PBXFrameworksBuildPhase section */
		04F4340E1C7340D700439546 /* Frameworks */ = {
			isa = PBXFrameworksBuildPhase;
			buildActionMask = 2147483647;
			files = (
			);
			runOnlyForDeploymentPostprocessing = 0;
		};
		04F434271C7340D700439546 /* Frameworks */ = {
			isa = PBXFrameworksBuildPhase;
			buildActionMask = 2147483647;
			files = (
			);
			runOnlyForDeploymentPostprocessing = 0;
		};
		04F434321C7340D700439546 /* Frameworks */ = {
			isa = PBXFrameworksBuildPhase;
			buildActionMask = 2147483647;
			files = (
			);
			runOnlyForDeploymentPostprocessing = 0;
		};
/* End PBXFrameworksBuildPhase section */

/* Begin PBXGroup section */
		04859CA41C74160A000C82E0 /* classes */ = {
			isa = PBXGroup;
			children = (
				04859CA51C74160A000C82E0 /* AppDelegate.h */,
				04859CA61C74160A000C82E0 /* AppDelegate.m */,
				04859CA71C74160A000C82E0 /* main.m */,
				04859CAB1C74523E000C82E0 /* WBHomeViewController.h */,
				04859CAC1C74523E000C82E0 /* WBHomeViewController.m */,
				04859CAE1C74530E000C82E0 /* WBMessageCenterViewController.h */,
				04859CAF1C74530E000C82E0 /* WBMessageCenterViewController.m */,
				04859CB11C74532D000C82E0 /* WBDiscoverViewController.h */,
				04859CB21C74532D000C82E0 /* WBDiscoverViewController.m */,
				04859CB41C745349000C82E0 /* WBProfileViewController.h */,
				04859CB51C745349000C82E0 /* WBProfileViewController.m */,
			);
			path = classes;
			sourceTree = "<group>";
		};
		04F434081C7340D700439546 = {
			isa = PBXGroup;
			children = (
				04F434131C7340D700439546 /* 新浪微博 */,
				04F4342D1C7340D700439546 /* 新浪微博Tests */,
				04F434381C7340D700439546 /* 新浪微博UITests */,
				04F434121C7340D700439546 /* Products */,
			);
			sourceTree = "<group>";
		};
		04F434121C7340D700439546 /* Products */ = {
			isa = PBXGroup;
			children = (
				04F434111C7340D700439546 /* 新浪微博.app */,
				04F4342A1C7340D700439546 /* 新浪微博Tests.xctest */,
				04F434351C7340D700439546 /* 新浪微博UITests.xctest */,
			);
			name = Products;
			sourceTree = "<group>";
		};
		04F434131C7340D700439546 /* 新浪微博 */ = {
			isa = PBXGroup;
			children = (
				04859CA41C74160A000C82E0 /* classes */,
				04F434141C7340D700439546 /* Supporting Files */,
			);
			path = "新浪微博";
			sourceTree = "<group>";
		};
		04F434141C7340D700439546 /* Supporting Files */ = {
			isa = PBXGroup;
			children = (
				04F434201C7340D700439546 /* Assets.xcassets */,
				04F434251C7340D700439546 /* Info.plist */,
				04859CAA1C743D89000C82E0 /* PrefixHeader.pch */,
			);
			name = "Supporting Files";
			sourceTree = "<group>";
		};
		04F4342D1C7340D700439546 /* 新浪微博Tests */ = {
			isa = PBXGroup;
			children = (
				04F4342E1C7340D700439546 /* ____Tests.m */,
				04F434301C7340D700439546 /* Info.plist */,
			);
			path = "新浪微博Tests";
			sourceTree = "<group>";
		};
		04F434381C7340D700439546 /* 新浪微博UITests */ = {
			isa = PBXGroup;
			children = (
				04F434391C7340D700439546 /* ____UITests.m */,
				04F4343B1C7340D700439546 /* Info.plist */,
			);
			path = "新浪微博UITests";
			sourceTree = "<group>";
		};
/* End PBXGroup section */

/* Begin PBXNativeTarget section */
		04F434101C7340D700439546 /* 新浪微博 */ = {
			isa = PBXNativeTarget;
			buildConfigurationList = 04F4343E1C7340D700439546 /* Build configuration list for PBXNativeTarget "新浪微博" */;
			buildPhases = (
				04F4340D1C7340D700439546 /* Sources */,
				04F4340E1C7340D700439546 /* Frameworks */,
				04F4340F1C7340D700439546 /* Resources */,
			);
			buildRules = (
			);
			dependencies = (
			);
			name = "新浪微博";
			productName = "新浪微博";
			productReference = 04F434111C7340D700439546 /* 新浪微博.app */;
			productType = "com.apple.product-type.application";
		};
		04F434291C7340D700439546 /* 新浪微博Tests */ = {
			isa = PBXNativeTarget;
			buildConfigurationList = 04F434411C7340D700439546 /* Build configuration list for PBXNativeTarget "新浪微博Tests" */;
			buildPhases = (
				04F434261C7340D700439546 /* Sources */,
				04F434271C7340D700439546 /* Frameworks */,
				04F434281C7340D700439546 /* Resources */,
			);
			buildRules = (
			);
			dependencies = (
				04F4342C1C7340D700439546 /* PBXTargetDependency */,
			);
			name = "新浪微博Tests";
			productName = "新浪微博Tests";
			productReference = 04F4342A1C7340D700439546 /* 新浪微博Tests.xctest */;
			productType = "com.apple.product-type.bundle.unit-test";
		};
		04F434341C7340D700439546 /* 新浪微博UITests */ = {
			isa = PBXNativeTarget;
			buildConfigurationList = 04F434441C7340D700439546 /* Build configuration list for PBXNativeTarget "新浪微博UITests" */;
			buildPhases = (
				04F434311C7340D700439546 /* Sources */,
				04F434321C7340D700439546 /* Frameworks */,
				04F434331C7340D700439546 /* Resources */,
			);
			buildRules = (
			);
			dependencies = (
				04F434371C7340D700439546 /* PBXTargetDependency */,
			);
			name = "新浪微博UITests";
			productName = "新浪微博UITests";
			productReference = 04F434351C7340D700439546 /* 新浪微博UITests.xctest */;
			productType = "com.apple.product-type.bundle.ui-testing";
		};
/* End PBXNativeTarget section */

/* Begin PBXProject section */
		04F434091C7340D700439546 /* Project object */ = {
			isa = PBXProject;
			attributes = {
				LastUpgradeCheck = 0720;
				ORGANIZATIONNAME = "北京尚学堂";
				TargetAttributes = {
					04F434101C7340D700439546 = {
						CreatedOnToolsVersion = 7.2;
					};
					04F434291C7340D700439546 = {
						CreatedOnToolsVersion = 7.2;
						TestTargetID = 04F434101C7340D700439546;
					};
					04F434341C7340D700439546 = {
						CreatedOnToolsVersion = 7.2;
						TestTargetID = 04F434101C7340D700439546;
					};
				};
			};
			buildConfigurationList = 04F4340C1C7340D700439546 /* Build configuration list for PBXProject "新浪微博" */;
			compatibilityVersion = "Xcode 3.2";
			developmentRegion = English;
			hasScannedForEncodings = 0;
			knownRegions = (
				en,
				Base,
			);
			mainGroup = 04F434081C7340D700439546;
			productRefGroup = 04F434121C7340D700439546 /* Products */;
			projectDirPath = "";
			projectRoot = "";
			targets = (
				04F434101C7340D700439546 /* 新浪微博 */,
				04F434291C7340D700439546 /* 新浪微博Tests */,
				04F434341C7340D700439546 /* 新浪微博UITests */,
			);
		};
/* End PBXProject section */

/* Begin PBXResourcesBuildPhase section */
		04F4340F1C7340D700439546 /* Resources */ = {
			isa = PBXResourcesBuildPhase;
			buildActionMask = 2147483647;
			files = (
				04F434211C7340D700439546 /* Assets.xcassets in Resources */,
			);
			runOnlyForDeploymentPostprocessing = 0;
		};
		04F434281C7340D700439546 /* Resources */ = {
			isa = PBXResourcesBuildPhase;
			buildActionMask = 2147483647;
			files = (
			);
			runOnlyForDeploymentPostprocessing = 0;
		};
		04F434331C7340D700439546 /* Resources */ = {
			isa = PBXResourcesBuildPhase;
			buildActionMask = 2147483647;
			files = (
			);
			runOnlyForDeploymentPostprocessing = 0;
		};
/* End PBXResourcesBuildPhase section */

/* Begin PBXSourcesBuildPhase section */
		04F4340D1C7340D700439546 /* Sources */ = {
			isa = PBXSourcesBuildPhase;
			buildActionMask = 2147483647;
			files = (
				04859CB31C74532D000C82E0 /* WBDiscoverViewController.m in Sources */,
				04859CB61C745349000C82E0 /* WBProfileViewController.m in Sources */,
				04859CB01C74530E000C82E0 /* WBMessageCenterViewController.m in Sources */,
				04859CAD1C74523E000C82E0 /* WBHomeViewController.m in Sources */,
				04859CA91C74160A000C82E0 /* main.m in Sources */,
				04859CA81C74160A000C82E0 /* AppDelegate.m in Sources */,
			);
			runOnlyForDeploymentPostprocessing = 0;
		};
		04F434261C7340D700439546 /* Sources */ = {
			isa = PBXSourcesBuildPhase;
			buildActionMask = 2147483647;
			files = (
				04F4342F1C7340D700439546 /* ____Tests.m in Sources */,
			);
			runOnlyForDeploymentPostprocessing = 0;
		};
		04F434311C7340D700439546 /* Sources */ = {
			isa = PBXSourcesBuildPhase;
			buildActionMask = 2147483647;
			files = (
				04F4343A1C7340D700439546 /* ____UITests.m in Sources */,
			);
			runOnlyForDeploymentPostprocessing = 0;
		};
/* End PBXSourcesBuildPhase section */

/* Begin PBXTargetDependency section */
		04F4342C1C7340D700439546 /* PBXTargetDependency */ = {
			isa = PBXTargetDependency;
			target = 04F434101C7340D700439546 /* 新浪微博 */;
			targetProxy = 04F4342B1C7340D700439546 /* PBXContainerItemProxy */;
		};
		04F434371C7340D700439546 /* PBXTargetDependency */ = {
			isa = PBXTargetDependency;
			target = 04F434101C7340D700439546 /* 新浪微博 */;
			targetProxy = 04F434361C7340D700439546 /* PBXContainerItemProxy */;
		};
/* End PBXTargetDependency section */

/* Begin XCBuildConfiguration section */
		04F4343C1C7340D700439546 /* Debug */ = {
			isa = XCBuildConfiguration;
			buildSettings = {
				ALWAYS_SEARCH_USER_PATHS = NO;
				CLANG_CXX_LANGUAGE_STANDARD = "gnu++0x";
				CLANG_CXX_LIBRARY = "libc++";
				CLANG_ENABLE_MODULES = YES;
				CLANG_ENABLE_OBJC_ARC = YES;
				CLANG_WARN_BOOL_CONVERSION = YES;
				CLANG_WARN_CONSTANT_CONVERSION = YES;
				CLANG_WARN_DIRECT_OBJC_ISA_USAGE = YES_ERROR;
				CLANG_WARN_EMPTY_BODY = YES;
				CLANG_WARN_ENUM_CONVERSION = YES;
				CLANG_WARN_INT_CONVERSION = YES;
				CLANG_WARN_OBJC_ROOT_CLASS = YES_ERROR;
				CLANG_WARN_UNREACHABLE_CODE = YES;
				CLANG_WARN__DUPLICATE_METHOD_MATCH = YES;
				"CODE_SIGN_IDENTITY[sdk=iphoneos*]" = "iPhone Developer";
				COPY_PHASE_STRIP = NO;
				DEBUG_INFORMATION_FORMAT = dwarf;
				ENABLE_STRICT_OBJC_MSGSEND = YES;
				ENABLE_TESTABILITY = YES;
				GCC_C_LANGUAGE_STANDARD = gnu99;
				GCC_DYNAMIC_NO_PIC = NO;
				GCC_NO_COMMON_BLOCKS = YES;
				GCC_OPTIMIZATION_LEVEL = 0;
				GCC_PREPROCESSOR_DEFINITIONS = (
					"DEBUG=1",
					"$(inherited)",
				);
				GCC_WARN_64_TO_32_BIT_CONVERSION = YES;
				GCC_WARN_ABOUT_RETURN_TYPE = YES_ERROR;
				GCC_WARN_UNDECLARED_SELECTOR = YES;
				GCC_WARN_UNINITIALIZED_AUTOS = YES_AGGRESSIVE;
				GCC_WARN_UNUSED_FUNCTION = YES;
				GCC_WARN_UNUSED_VARIABLE = YES;
				IPHONEOS_DEPLOYMENT_TARGET = 9.2;
				MTL_ENABLE_DEBUG_INFO = YES;
				ONLY_ACTIVE_ARCH = YES;
				SDKROOT = iphoneos;
			};
			name = Debug;
		};
		04F4343D1C7340D700439546 /* Release */ = {
			isa = XCBuildConfiguration;
			buildSettings = {
				ALWAYS_SEARCH_USER_PATHS = NO;
				CLANG_CXX_LANGUAGE_STANDARD = "gnu++0x";
				CLANG_CXX_LIBRARY = "libc++";
				CLANG_ENABLE_MODULES = YES;
				CLANG_ENABLE_OBJC_ARC = YES;
				CLANG_WARN_BOOL_CONVERSION = YES;
				CLANG_WARN_CONSTANT_CONVERSION = YES;
				CLANG_WARN_DIRECT_OBJC_ISA_USAGE = YES_ERROR;
				CLANG_WARN_EMPTY_BODY = YES;
				CLANG_WARN_ENUM_CONVERSION = YES;
				CLANG_WARN_INT_CONVERSION = YES;
				CLANG_WARN_OBJC_ROOT_CLASS = YES_ERROR;
				CLANG_WARN_UNREACHABLE_CODE = YES;
				CLANG_WARN__DUPLICATE_METHOD_MATCH = YES;
				"CODE_SIGN_IDENTITY[sdk=iphoneos*]" = "iPhone Developer";
				COPY_PHASE_STRIP = NO;
				DEBUG_INFORMATION_FORMAT = "dwarf-with-dsym";
				ENABLE_NS_ASSERTIONS = NO;
				ENABLE_STRICT_OBJC_MSGSEND = YES;
				GCC_C_LANGUAGE_STANDARD = gnu99;
				GCC_NO_COMMON_BLOCKS = YES;
				GCC_WARN_64_TO_32_BIT_CONVERSION = YES;
				GCC_WARN_ABOUT_RETURN_TYPE = YES_ERROR;
				GCC_WARN_UNDECLARED_SELECTOR = YES;
				GCC_WARN_UNINITIALIZED_AUTOS = YES_AGGRESSIVE;
				GCC_WARN_UNUSED_FUNCTION = YES;
				GCC_WARN_UNUSED_VARIABLE = YES;
				IPHONEOS_DEPLOYMENT_TARGET = 9.2;
				MTL_ENABLE_DEBUG_INFO = NO;
				SDKROOT = iphoneos;
				VALIDATE_PRODUCT = YES;
			};
			name = Release;
		};
		04F4343F1C7340D700439546 /* Debug */ = {
			isa = XCBuildConfiguration;
			buildSettings = {
				ASSETCATALOG_COMPILER_APPICON_NAME = AppIcon;
				GCC_PRECOMPILE_PREFIX_HEADER = YES;
				GCC_PREFIX_HEADER = "新浪微博/PrefixHeader.pch";
				INFOPLIST_FILE = "新浪微博/Info.plist";
				LD_RUNPATH_SEARCH_PATHS = "$(inherited) @executable_path/Frameworks";
				PRODUCT_BUNDLE_IDENTIFIER = "com.sxt.----";
				PRODUCT_NAME = "$(TARGET_NAME)";
			};
			name = Debug;
		};
		04F434401C7340D700439546 /* Release */ = {
			isa = XCBuildConfiguration;
			buildSettings = {
				ASSETCATALOG_COMPILER_APPICON_NAME = AppIcon;
				GCC_PRECOMPILE_PREFIX_HEADER = YES;
				GCC_PREFIX_HEADER = "新浪微博/PrefixHeader.pch";
				INFOPLIST_FILE = "新浪微博/Info.plist";
				LD_RUNPATH_SEARCH_PATHS = "$(inherited) @executable_path/Frameworks";
				PRODUCT_BUNDLE_IDENTIFIER = "com.sxt.----";
				PRODUCT_NAME = "$(TARGET_NAME)";
			};
			name = Release;
		};
		04F434421C7340D700439546 /* Debug */ = {
			isa = XCBuildConfiguration;
			buildSettings = {
				BUNDLE_LOADER = "$(TEST_HOST)";
				INFOPLIST_FILE = "新浪微博Tests/Info.plist";
				LD_RUNPATH_SEARCH_PATHS = "$(inherited) @executable_path/Frameworks @loader_path/Frameworks";
				PRODUCT_BUNDLE_IDENTIFIER = "com.sxt.----Tests";
				PRODUCT_NAME = "$(TARGET_NAME)";
				TEST_HOST = "$(BUILT_PRODUCTS_DIR)/新浪微博.app/新浪微博";
			};
			name = Debug;
		};
		04F434431C7340D700439546 /* Release */ = {
			isa = XCBuildConfiguration;
			buildSettings = {
				BUNDLE_LOADER = "$(TEST_HOST)";
				INFOPLIST_FILE = "新浪微博Tests/Info.plist";
				LD_RUNPATH_SEARCH_PATHS = "$(inherited) @executable_path/Frameworks @loader_path/Frameworks";
				PRODUCT_BUNDLE_IDENTIFIER = "com.sxt.----Tests";
				PRODUCT_NAME = "$(TARGET_NAME)";
				TEST_HOST = "$(BUILT_PRODUCTS_DIR)/新浪微博.app/新浪微博";
			};
			name = Release;
		};
		04F434451C7340D700439546 /* Debug */ = {
			isa = XCBuildConfiguration;
			buildSettings = {
				INFOPLIST_FILE = "新浪微博UITests/Info.plist";
				LD_RUNPATH_SEARCH_PATHS = "$(inherited) @executable_path/Frameworks @loader_path/Frameworks";
				PRODUCT_BUNDLE_IDENTIFIER = "com.sxt.----UITests";
				PRODUCT_NAME = "$(TARGET_NAME)";
				TEST_TARGET_NAME = "新浪微博";
				USES_XCTRUNNER = YES;
			};
			name = Debug;
		};
		04F434461C7340D700439546 /* Release */ = {
			isa = XCBuildConfiguration;
			buildSettings = {
				INFOPLIST_FILE = "新浪微博UITests/Info.plist";
				LD_RUNPATH_SEARCH_PATHS = "$(inherited) @executable_path/Frameworks @loader_path/Frameworks";
				PRODUCT_BUNDLE_IDENTIFIER = "com.sxt.----UITests";
				PRODUCT_NAME = "$(TARGET_NAME)";
				TEST_TARGET_NAME = "新浪微博";
				USES_XCTRUNNER = YES;
			};
			name = Release;
		};
/* End XCBuildConfiguration section */

/* Begin XCConfigurationList section */
		04F4340C1C7340D700439546 /* Build configuration list for PBXProject "新浪微博" */ = {
			isa = XCConfigurationList;
			buildConfigurations = (
				04F4343C1C7340D700439546 /* Debug */,
				04F4343D1C7340D700439546 /* Release */,
			);
			defaultConfigurationIsVisible = 0;
			defaultConfigurationName = Release;
		};
		04F4343E1C7340D700439546 /* Build configuration list for PBXNativeTarget "新浪微博" */ = {
			isa = XCConfigurationList;
			buildConfigurations = (
				04F4343F1C7340D700439546 /* Debug */,
				04F434401C7340D700439546 /* Release */,
			);
			defaultConfigurationIsVisible = 0;
			defaultConfigurationName = Release;
		};
		04F434411C7340D700439546 /* Build configuration list for PBXNativeTarget "新浪微博Tests" */ = {
			isa = XCConfigurationList;
			buildConfigurations = (
				04F434421C7340D700439546 /* Debug */,
				04F434431C7340D700439546 /* Release */,
			);
			defaultConfigurationIsVisible = 0;
			defaultConfigurationName = Release;
		};
		04F434441C7340D700439546 /* Build configuration list for PBXNativeTarget "新浪微博UITests" */ = {
			isa = XCConfigurationList;
			buildConfigurations = (
				04F434451C7340D700439546 /* Debug */,
				04F434461C7340D700439546 /* Release */,
			);
			defaultConfigurationIsVisible = 0;
			defaultConfigurationName = Release;
		};
/* End XCConfigurationList section */
	};
	rootObject = 04F434091C7340D700439546 /* Project object */;
}
